
Microsoft Visual Studio Solution File, Format Version 12.00
# Visual Studio 2013
VisualStudioVersion = 12.0.30723.0
MinimumVisualStudioVersion = 10.0.40219.1
Project("{FAE04EC0-301F-11D3-BF4B-00C04F79EFBC}") = "MvcBase.Web.UI", "source\mvcbase.web.ui\MvcBase.Web.UI.csproj", "{F648CC3B-C262-4195-9EA8-776468944829}"
EndProject
Project("{FAE04EC0-301F-11D3-BF4B-00C04F79EFBC}") = "MvcBase.Data", "source\MvcBase.Data\MvcBase.Data.csproj", "{C6CF7EF1-27EC-449C-96E6-3F812BFB39AB}"
EndProject
Project("{FAE04EC0-301F-11D3-BF4B-00C04F79EFBC}") = "MvcBase.Model", "source\MvcBase.Model\MvcBase.Model.csproj", "{A4E6F99D-CE69-4CE8-B120-3677E3FACD29}"
EndProject
Project("{FAE04EC0-301F-11D3-BF4B-00C04F79EFBC}") = "MvcBase.Service", "source\MvcBase.Service\MvcBase.Service.csproj", "{DB07178F-637F-4EFA-A5BD-E55B91B7A69D}"
EndProject
Project("{FAE04EC0-301F-11D3-BF4B-00C04F79EFBC}") = "MvcBase.Web.Core", "source\MvcBase.Web.Core\MvcBase.Web.Core.csproj", "{577739F4-2317-4A6B-A6FC-BA81A6FEB19F}"
EndProject
Project("{FAE04EC0-301F-11D3-BF4B-00C04F79EFBC}") = "MvcBase.Core", "source\MvcBase.Core\MvcBase.Core.csproj", "{270B08C2-DBEE-4682-9C65-9C69BDD57F89}"
EndProject
Global
	GlobalSection(SolutionConfigurationPlatforms) = preSolution
		Debug|Any CPU = Debug|Any CPU
		Release|Any CPU = Release|Any CPU
	EndGlobalSection
	GlobalSection(ProjectConfigurationPlatforms) = postSolution
		{F648CC3B-C262-4195-9EA8-776468944829}.Debug|Any CPU.ActiveCfg = Debug|Any CPU
		{F648CC3B-C262-4195-9EA8-776468944829}.Debug|Any CPU.Build.0 = Debug|Any CPU
		{F648CC3B-C262-4195-9EA8-776468944829}.Release|Any CPU.ActiveCfg = Release|Any CPU
		{F648CC3B-C262-4195-9EA8-776468944829}.Release|Any CPU.Build.0 = Release|Any CPU
		{C6CF7EF1-27EC-449C-96E6-3F812BFB39AB}.Debug|Any CPU.ActiveCfg = Debug|Any CPU
		{C6CF7EF1-27EC-449C-96E6-3F812BFB39AB}.Debug|Any CPU.Build.0 = Debug|Any CPU
		{C6CF7EF1-27EC-449C-96E6-3F812BFB39AB}.Release|Any CPU.ActiveCfg = Release|Any CPU
		{C6CF7EF1-27EC-449C-96E6-3F812BFB39AB}.Release|Any CPU.Build.0 = Release|Any CPU
		{A4E6F99D-CE69-4CE8-B120-3677E3FACD29}.Debug|Any CPU.ActiveCfg = Debug|Any CPU
		{A4E6F99D-CE69-4CE8-B120-3677E3FACD29}.Debug|Any CPU.Build.0 = Debug|Any CPU
		{A4E6F99D-CE69-4CE8-B120-3677E3FACD29}.Release|Any CPU.ActiveCfg = Release|Any CPU
		{A4E6F99D-CE69-4CE8-B120-3677E3FACD29}.Release|Any CPU.Build.0 = Release|Any CPU
		{DB07178F-637F-4EFA-A5BD-E55B91B7A69D}.Debug|Any CPU.ActiveCfg = Debug|Any CPU
		{DB07178F-637F-4EFA-A5BD-E55B91B7A69D}.Debug|Any CPU.Build.0 = Debug|Any CPU
		{DB07178F-637F-4EFA-A5BD-E55B91B7A69D}.Release|Any CPU.ActiveCfg = Release|Any CPU
		{DB07178F-637F-4EFA-A5BD-E55B91B7A69D}.Release|Any CPU.Build.0 = Release|Any CPU
		{577739F4-2317-4A6B-A6FC-BA81A6FEB19F}.Debug|Any CPU.ActiveCfg = Debug|Any CPU
		{577739F4-2317-4A6B-A6FC-BA81A6FEB19F}.Debug|Any CPU.Build.0 = Debug|Any CPU
		{577739F4-2317-4A6B-A6FC-BA81A6FEB19F}.Release|Any CPU.ActiveCfg = Release|Any CPU
		{577739F4-2317-4A6B-A6FC-BA81A6FEB19F}.Release|Any CPU.Build.0 = Release|Any CPU
		{270B08C2-DBEE-4682-9C65-9C69BDD57F89}.Debug|Any CPU.ActiveCfg = Debug|Any CPU
		{270B08C2-DBEE-4682-9C65-9C69BDD57F89}.Debug|Any CPU.Build.0 = Debug|Any CPU
		{270B08C2-DBEE-4682-9C65-9C69BDD57F89}.Release|Any CPU.ActiveCfg = Release|Any CPU
		{270B08C2-DBEE-4682-9C65-9C69BDD57F89}.Release|Any CPU.Build.0 = Release|Any CPU
	EndGlobalSection
	GlobalSection(SolutionProperties) = preSolution
		HideSolutionNode = FALSE
	EndGlobalSection
EndGlobal
